
Microsoft Visual Studio Solution File, Format Version 12.00
# Visual Studio Version 16
VisualStudioVersion = 16.0.29123.88
MinimumVisualStudioVersion = 10.0.40219.1
Project("{9A19103F-16F7-4668-BE54-9A1E7A4F7556}") = "Zalgo", "Zalgo\Zalgo.csproj", "{56C36B55-2070-49B9-9EA9-A6CC88F7839D}"
EndProject
Project("{FAE04EC0-301F-11D3-BF4B-00C04F79EFBC}") = "Zalgo.Tool", "Zalgo.Tool\Zalgo.Tool.csproj", "{96F0A61A-54D5-486C-8763-D07880CA0E3A}"
EndProject
Global
	GlobalSection(SolutionConfigurationPlatforms) = preSolution
		Debug|Any CPU = Debug|Any CPU
		Release|Any CPU = Release|Any CPU
	EndGlobalSection
	GlobalSection(ProjectConfigurationPlatforms) = postSolution
		{56C36B55-2070-49B9-9EA9-A6CC88F7839D}.Debug|Any CPU.ActiveCfg = Debug|Any CPU
		{56C36B55-2070-49B9-9EA9-A6CC88F7839D}.Debug|Any CPU.Build.0 = Debug|Any CPU
		{56C36B55-2070-49B9-9EA9-A6CC88F7839D}.Release|Any CPU.ActiveCfg = Release|Any CPU
		{56C36B55-2070-49B9-9EA9-A6CC88F7839D}.Release|Any CPU.Build.0 = Release|Any CPU
		{96F0A61A-54D5-486C-8763-D07880CA0E3A}.Debug|Any CPU.ActiveCfg = Debug|Any CPU
		{96F0A61A-54D5-486C-8763-D07880CA0E3A}.Debug|Any CPU.Build.0 = Debug|Any CPU
		{96F0A61A-54D5-486C-8763-D07880CA0E3A}.Release|Any CPU.ActiveCfg = Release|Any CPU
		{96F0A61A-54D5-486C-8763-D07880CA0E3A}.Release|Any CPU.Build.0 = Release|Any CPU
	EndGlobalSection
	GlobalSection(SolutionProperties) = preSolution
		HideSolutionNode = FALSE
	EndGlobalSection
	GlobalSection(ExtensibilityGlobals) = postSolution
		SolutionGuid = {BBF1F260-733E-470E-BFD1-805AAB1C19EF}
	EndGlobalSection
EndGlobal
